
Microsoft Visual Studio Solution File, Format Version 12.00
# Visual Studio Version 17
VisualStudioVersion = 17.12.35527.113
MinimumVisualStudioVersion = 10.0.40219.1
Project("{FAE04EC0-301F-11D3-BF4B-00C04F79EFBC}") = "Application", "Application\Application.csproj", "{9E14C458-4134-4808-ADEA-ED73649CDC43}"
EndProject
Project("{FAE04EC0-301F-11D3-BF4B-00C04F79EFBC}") = "Domain", "Domain\Domain.csproj", "{1AE1CE76-463E-4BAE-A641-AB2A9FAE6B44}"
EndProject
Project("{FAE04EC0-301F-11D3-BF4B-00C04F79EFBC}") = "GrpcServer", "GrpcServer\GrpcServer.csproj", "{7E5984AF-179B-496C-8911-50B909398A31}"
EndProject
Project("{FAE04EC0-301F-11D3-BF4B-00C04F79EFBC}") = "Common", "Common\Common.csproj", "{040DFD01-AD28-443D-93FC-7DC9308EADB1}"
EndProject
Global
	GlobalSection(SolutionConfigurationPlatforms) = preSolution
		Debug|Any CPU = Debug|Any CPU
		Release|Any CPU = Release|Any CPU
	EndGlobalSection
	GlobalSection(ProjectConfigurationPlatforms) = postSolution
		{9E14C458-4134-4808-ADEA-ED73649CDC43}.Debug|Any CPU.ActiveCfg = Debug|Any CPU
		{9E14C458-4134-4808-ADEA-ED73649CDC43}.Debug|Any CPU.Build.0 = Debug|Any CPU
		{9E14C458-4134-4808-ADEA-ED73649CDC43}.Release|Any CPU.ActiveCfg = Release|Any CPU
		{9E14C458-4134-4808-ADEA-ED73649CDC43}.Release|Any CPU.Build.0 = Release|Any CPU
		{1AE1CE76-463E-4BAE-A641-AB2A9FAE6B44}.Debug|Any CPU.ActiveCfg = Debug|Any CPU
		{1AE1CE76-463E-4BAE-A641-AB2A9FAE6B44}.Debug|Any CPU.Build.0 = Debug|Any CPU
		{1AE1CE76-463E-4BAE-A641-AB2A9FAE6B44}.Release|Any CPU.ActiveCfg = Release|Any CPU
		{1AE1CE76-463E-4BAE-A641-AB2A9FAE6B44}.Release|Any CPU.Build.0 = Release|Any CPU
		{7E5984AF-179B-496C-8911-50B909398A31}.Debug|Any CPU.ActiveCfg = Debug|Any CPU
		{7E5984AF-179B-496C-8911-50B909398A31}.Debug|Any CPU.Build.0 = Debug|Any CPU
		{7E5984AF-179B-496C-8911-50B909398A31}.Release|Any CPU.ActiveCfg = Release|Any CPU
		{7E5984AF-179B-496C-8911-50B909398A31}.Release|Any CPU.Build.0 = Release|Any CPU
		{040DFD01-AD28-443D-93FC-7DC9308EADB1}.Debug|Any CPU.ActiveCfg = Debug|Any CPU
		{040DFD01-AD28-443D-93FC-7DC9308EADB1}.Debug|Any CPU.Build.0 = Debug|Any CPU
		{040DFD01-AD28-443D-93FC-7DC9308EADB1}.Release|Any CPU.ActiveCfg = Release|Any CPU
		{040DFD01-AD28-443D-93FC-7DC9308EADB1}.Release|Any CPU.Build.0 = Release|Any CPU
	EndGlobalSection
	GlobalSection(SolutionProperties) = preSolution
		HideSolutionNode = FALSE
	EndGlobalSection
EndGlobal
